
Microsoft Visual Studio Solution File, Format Version 12.00
# Visual Studio Version 17
VisualStudioVersion = 17.13.35507.96 d17.13
MinimumVisualStudioVersion = 10.0.40219.1
Project("{FAE04EC0-301F-11D3-BF4B-00C04F79EFBC}") = "Quan ly dach sach khach", "Quan ly dach sach khach.csproj", "{9E609A8D-ABCE-4EA1-9673-980F035A83EE}"
EndProject
Global
	GlobalSection(SolutionConfigurationPlatforms) = preSolution
		Debug|Any CPU = Debug|Any CPU
		Release|Any CPU = Release|Any CPU
	EndGlobalSection
	GlobalSection(ProjectConfigurationPlatforms) = postSolution
		{9E609A8D-ABCE-4EA1-9673-980F035A83EE}.Debug|Any CPU.ActiveCfg = Debug|Any CPU
		{9E609A8D-ABCE-4EA1-9673-980F035A83EE}.Debug|Any CPU.Build.0 = Debug|Any CPU
		{9E609A8D-ABCE-4EA1-9673-980F035A83EE}.Release|Any CPU.ActiveCfg = Release|Any CPU
		{9E609A8D-ABCE-4EA1-9673-980F035A83EE}.Release|Any CPU.Build.0 = Release|Any CPU
	EndGlobalSection
	GlobalSection(SolutionProperties) = preSolution
		HideSolutionNode = FALSE
	EndGlobalSection
	GlobalSection(ExtensibilityGlobals) = postSolution
		SolutionGuid = {7ACD07F3-BB8C-409D-9AE4-80AFAC5C6EDE}
	EndGlobalSection
EndGlobal
